{
  "name": "test",
  "version": "1.0.0",
  "lockfileVersion": 3,
  "requires": true,
  "packages": {
    "": {
      "name": "test",
      "version": "1.0.0",
      "license": "ISC",
      "dependencies": {
        "@fadhil-riyanto/chemistry": "file:.."
      }
    },
    "..": {
      "version": "1.0.0",
      "license": "GPL-2.0"
    },
    "node_modules/@fadhil-riyanto/chemistry": {
      "resolved": "..",
      "link": true
    }
  }
}
